{
  "version": 4,
  "terraform_version": "1.5.7",
  "serial": 34,
  "lineage": "28b715fd-801c-2b73-c399-9b9692b0d6ab",
  "outputs": {
    "master_ip": {
      "value": "128.140.47.125",
      "type": "string"
    }
  },
  "resources": [
    {
      "module": "module.k8s_master",
      "mode": "managed",
      "type": "hcloud_firewall",
      "name": "k8s_master_fw",
      "provider": "module.k8s_master.provider[\"registry.terraform.io/hetznercloud/hcloud\"]",
      "instances": [
        {
          "schema_version": 0,
          "attributes": {
            "apply_to": [],
            "id": "1541836",
            "labels": {},
            "name": "testday-cluster-master-fw",
            "rule": [
              {
                "description": "",
                "destination_ips": [
                  "0.0.0.0/0"
                ],
                "direction": "out",
                "port": "",
                "protocol": "icmp",
                "source_ips": []
              },
              {
                "description": "",
                "destination_ips": [
                  "0.0.0.0/0"
                ],
                "direction": "out",
                "port": "1-65535",
                "protocol": "tcp",
                "source_ips": []
              },
              {
                "description": "",
                "destination_ips": [
                  "0.0.0.0/0"
                ],
                "direction": "out",
                "port": "1-65535",
                "protocol": "udp",
                "source_ips": []
              },
              {
                "description": "",
                "destination_ips": [],
                "direction": "in",
                "port": "22",
                "protocol": "tcp",
                "source_ips": [
                  "0.0.0.0/0"
                ]
              },
              {
                "description": "",
                "destination_ips": [],
                "direction": "in",
                "port": "6443",
                "protocol": "tcp",
                "source_ips": [
                  "0.0.0.0/0"
                ]
              }
            ]
          },
          "sensitive_attributes": [],
          "private": "bnVsbA=="
        }
      ]
    },
    {
      "module": "module.k8s_master",
      "mode": "managed",
      "type": "hcloud_server",
      "name": "k8s_master",
      "provider": "module.k8s_master.provider[\"registry.terraform.io/hetznercloud/hcloud\"]",
      "instances": [
        {
          "schema_version": 0,
          "attributes": {
            "allow_deprecated_images": false,
            "backup_window": "",
            "backups": false,
            "datacenter": "nbg1-dc3",
            "delete_protection": false,
            "firewall_ids": [
              1541836
            ],
            "id": "51519223",
            "ignore_remote_firewall_ids": false,
            "image": "ubuntu-22.04",
            "ipv4_address": "128.140.47.125",
            "ipv6_address": "2a01:4f8:1c1c:504c::1",
            "ipv6_network": "2a01:4f8:1c1c:504c::/64",
            "iso": null,
            "keep_disk": false,
            "labels": {
              "cluster": "testday-cluster",
              "role": "master"
            },
            "location": "nbg1",
            "name": "testday-cluster-master",
            "network": [],
            "placement_group_id": null,
            "primary_disk_size": 40,
            "public_net": [],
            "rebuild_protection": false,
            "rescue": null,
            "server_type": "cx22",
            "shutdown_before_deletion": false,
            "ssh_keys": [
              "22442048"
            ],
            "status": "running",
            "timeouts": null,
            "user_data": "Qx8lvO1+AQWwNd7hT6Dtfk/HJWg="
          },
          "sensitive_attributes": [],
          "private": "eyJlMmJmYjczMC1lY2FhLTExZTYtOGY4OC0zNDM2M2JjN2M0YzAiOnsiY3JlYXRlIjo1NDAwMDAwMDAwMDAwfX0=",
          "dependencies": [
            "module.k8s_master.hcloud_firewall.k8s_master_fw",
            "module.k8s_master.hcloud_ssh_key.default"
          ]
        }
      ]
    },
    {
      "module": "module.k8s_master",
      "mode": "managed",
      "type": "hcloud_ssh_key",
      "name": "default",
      "provider": "module.k8s_master.provider[\"registry.terraform.io/hetznercloud/hcloud\"]",
      "instances": [
        {
          "schema_version": 0,
          "attributes": {
            "fingerprint": "ad:75:58:6b:5a:d5:a0:a8:db:4e:ea:4b:84:89:97:f6",
            "id": "22442048",
            "labels": {},
            "name": "Testday - Server SSH key",
            "public_key": "ssh-rsa AAAAB3NzaC1yc2EAAAADAQABAAACAQCuvm5WmILkHc+XEPaSlcsxrn6Ro1QVWECLLcjocK1OOPLnyMYOtAMQfRlZWXVLX0P5vxrYs8xKaXg2ojSUZJcOMB+58rWDkwupor0e47vbDVu6h4RARct65e3+SiON5KPSPLkkumX71ZpunHLJQTSpiOppYvpNIzWNviJx7n3Lcz8b2JHLj2o41HjB1xm96n7KZbb99HLIyCxPn/++pZYN3xxeTv6SIphx6s9NQSs64ym0w7+PrdUKPK0sCSsYx6tbERSw3YRLtacH2gdXqpSA6r0IGmF2BQZFaZu4lBZLgAsL3cZx3QpVGOPbtErHBo9W3achAqlzEPYkezs0lLHIY1Uoekh3yIngN6ZSryKINGQXuQNfRoU2c8sqPrmqyFLOz2PoD3tQ+uMc+BtXG2P/INE/ogG2kElwDusVLNYWSPJOlEcw+CuJHQMFUWIQ+Z2u40SokH2C/JP8Mt7A5zXdPrPz6KKRVIq6B4IEhcIWzPw510Mt/nOuQgRUAZSZPt3mJpwBkDV3DYRP6qyViwrnohBgz3aecdnpjkJDyYXDK9mmykbxlZ+oK34tGz0a3khzcTlhvJPmT6sLFyiVbaY/Np4HvjGMmtHLVZ+mwXZy30zDhkUBccjFhONnazEDIrGSMuaB5ird0+w/M4UdQYU4WU3xYHAQJtYP+xj0T0fMTQ== yevgen.reus@hetzner.test.day\n"
          },
          "sensitive_attributes": [],
          "private": "bnVsbA=="
        }
      ]
    }
  ],
  "check_results": null
}
